
Microsoft Visual Studio Solution File, Format Version 12.00
# Visual Studio Version 16
VisualStudioVersion = 16.0.29318.209
MinimumVisualStudioVersion = 10.0.40219.1
Project("{FAE04EC0-301F-11D3-BF4B-00C04F79EFBC}") = "Students", "Students\Students.csproj", "{74D3260E-D9BA-4D4B-9584-D81140C3ED5D}"
EndProject
Global
	GlobalSection(SolutionConfigurationPlatforms) = preSolution
		Debug|Any CPU = Debug|Any CPU
		Release|Any CPU = Release|Any CPU
	EndGlobalSection
	GlobalSection(ProjectConfigurationPlatforms) = postSolution
		{74D3260E-D9BA-4D4B-9584-D81140C3ED5D}.Debug|Any CPU.ActiveCfg = Debug|Any CPU
		{74D3260E-D9BA-4D4B-9584-D81140C3ED5D}.Debug|Any CPU.Build.0 = Debug|Any CPU
		{74D3260E-D9BA-4D4B-9584-D81140C3ED5D}.Release|Any CPU.ActiveCfg = Release|Any CPU
		{74D3260E-D9BA-4D4B-9584-D81140C3ED5D}.Release|Any CPU.Build.0 = Release|Any CPU
	EndGlobalSection
	GlobalSection(SolutionProperties) = preSolution
		HideSolutionNode = FALSE
	EndGlobalSection
	GlobalSection(ExtensibilityGlobals) = postSolution
		SolutionGuid = {5D1ABF57-0773-4BB4-A45C-FE30415E5328}
	EndGlobalSection
EndGlobal
